hash: df9b2a8bfd01e7539155cded4fdf60313269e4af37d90f000f3f2b048a017690
updated: 2018-02-05T10:02:25.900219084+08:00
imports:
- name: github.com/luweimy/goutil
  version: 53bffa5f8d1f8ec035f83d64b256c9d70b2f69e2
  subpackages:
  - bytefmt
  - workerq
- name: go.uber.org/atomic
  version: 8474b86a5a6f79c443ce4b2992817ff32cf208b8
- name: go.uber.org/multierr
  version: 3c4937480c32f4c13a875a1829af76c98ca3d40a
testImports: []
